{
  "requires": true,
  "lockfileVersion": 1,
  "dependencies": {
    "allen-ninja-palindrome": {
      "version": "1.0.0",
      "resolved": "https://registry.npmjs.org/allen-ninja-palindrome/-/allen-ninja-palindrome-1.0.0.tgz",
      "integrity": "sha512-OdUxC+ShlHTuvmLQwOZpWamo4ZCn5IBNaeNRcifV4Tv9Rr7oNIb2Mt/9ZWGLXtAes7/WGvhHUnUKhOz9EMopnw=="
    }
  }
}
